
Microsoft Visual Studio Solution File, Format Version 12.00
# Visual Studio Version 17
VisualStudioVersion = 17.3.32901.215
MinimumVisualStudioVersion = 10.0.40219.1
Project("{FAE04EC0-301F-11D3-BF4B-00C04F79EFBC}") = "Calculator - Test", "Calculator - Test.csproj", "{EEC2CDDD-B3A4-46E0-BD8D-BBD904564A02}"
EndProject
Global
	GlobalSection(SolutionConfigurationPlatforms) = preSolution
		Debug|Any CPU = Debug|Any CPU
		Release|Any CPU = Release|Any CPU
	EndGlobalSection
	GlobalSection(ProjectConfigurationPlatforms) = postSolution
		{EEC2CDDD-B3A4-46E0-BD8D-BBD904564A02}.Debug|Any CPU.ActiveCfg = Debug|Any CPU
		{EEC2CDDD-B3A4-46E0-BD8D-BBD904564A02}.Debug|Any CPU.Build.0 = Debug|Any CPU
		{EEC2CDDD-B3A4-46E0-BD8D-BBD904564A02}.Release|Any CPU.ActiveCfg = Release|Any CPU
		{EEC2CDDD-B3A4-46E0-BD8D-BBD904564A02}.Release|Any CPU.Build.0 = Release|Any CPU
	EndGlobalSection
	GlobalSection(SolutionProperties) = preSolution
		HideSolutionNode = FALSE
	EndGlobalSection
	GlobalSection(ExtensibilityGlobals) = postSolution
		SolutionGuid = {F7A78A15-201E-4F20-962C-6D2408B632FA}
	EndGlobalSection
EndGlobal
